
Microsoft Visual Studio Solution File, Format Version 12.00
# Visual Studio Version 16
VisualStudioVersion = 16.0.32228.343
MinimumVisualStudioVersion = 10.0.40219.1
Project("{9A19103F-16F7-4668-BE54-9A1E7A4F7556}") = "ConsoleApp3", "ConsoleApp3\ConsoleApp3.csproj", "{D0454CA0-C654-4A5E-BBBB-3E194A269232}"
EndProject
Project("{9A19103F-16F7-4668-BE54-9A1E7A4F7556}") = "WebApplication1", "WebApplication1\WebApplication1.csproj", "{922C4C41-8DB4-4239-B93B-9B16DFBC94B0}"
EndProject
Project("{FAE04EC0-301F-11D3-BF4B-00C04F79EFBC}") = "TestApplication", "TestApplication\TestApplication.csproj", "{EA60E8CD-F678-4A16-B43E-C4B7E5D658D2}"
EndProject
Global
	GlobalSection(SolutionConfigurationPlatforms) = preSolution
		Debug|Any CPU = Debug|Any CPU
		Release|Any CPU = Release|Any CPU
	EndGlobalSection
	GlobalSection(ProjectConfigurationPlatforms) = postSolution
		{D0454CA0-C654-4A5E-BBBB-3E194A269232}.Debug|Any CPU.ActiveCfg = Debug|Any CPU
		{D0454CA0-C654-4A5E-BBBB-3E194A269232}.Debug|Any CPU.Build.0 = Debug|Any CPU
		{D0454CA0-C654-4A5E-BBBB-3E194A269232}.Release|Any CPU.ActiveCfg = Release|Any CPU
		{D0454CA0-C654-4A5E-BBBB-3E194A269232}.Release|Any CPU.Build.0 = Release|Any CPU
		{922C4C41-8DB4-4239-B93B-9B16DFBC94B0}.Debug|Any CPU.ActiveCfg = Debug|Any CPU
		{922C4C41-8DB4-4239-B93B-9B16DFBC94B0}.Debug|Any CPU.Build.0 = Debug|Any CPU
		{922C4C41-8DB4-4239-B93B-9B16DFBC94B0}.Release|Any CPU.ActiveCfg = Release|Any CPU
		{922C4C41-8DB4-4239-B93B-9B16DFBC94B0}.Release|Any CPU.Build.0 = Release|Any CPU
		{EA60E8CD-F678-4A16-B43E-C4B7E5D658D2}.Debug|Any CPU.ActiveCfg = Debug|Any CPU
		{EA60E8CD-F678-4A16-B43E-C4B7E5D658D2}.Debug|Any CPU.Build.0 = Debug|Any CPU
		{EA60E8CD-F678-4A16-B43E-C4B7E5D658D2}.Release|Any CPU.ActiveCfg = Release|Any CPU
		{EA60E8CD-F678-4A16-B43E-C4B7E5D658D2}.Release|Any CPU.Build.0 = Release|Any CPU
	EndGlobalSection
	GlobalSection(SolutionProperties) = preSolution
		HideSolutionNode = FALSE
	EndGlobalSection
	GlobalSection(ExtensibilityGlobals) = postSolution
		SolutionGuid = {42EF4389-A136-4D2E-80EC-AE73A8E367A0}
	EndGlobalSection
EndGlobal
